<?xml version="1.0" encoding="utf-8"?>
<Project ToolsVersion="4.0" xmlns="http://schemas.microsoft.com/developer/msbuild/2003">
  <ItemGroup>
    <Filter Include="Hive">
      <UniqueIdentifier>{1159867C-FD8F-870D-A67C-6D109292030F}</UniqueIdentifier>
    </Filter>
    <Filter Include="Hive\Events">
      <UniqueIdentifier>{D5079DC8-41BD-15BE-CAB1-0F9536660CC2}</UniqueIdentifier>
    </Filter>
    <Filter Include="Platform">
      <UniqueIdentifier>{2AC788B4-1694-E3BF-3FAD-D1672BD9184E}</UniqueIdentifier>
    </Filter>
    <Filter Include="Platform\Windows">
      <UniqueIdentifier>{64FBD71A-50F4-F66C-7926-DCF1657ED678}</UniqueIdentifier>
    </Filter>
  </ItemGroup>
  <ItemGroup>
    <ClInclude Include="src\Hive.h" />
    <ClInclude Include="src\Hive\Application.h">
      <Filter>Hive</Filter>
    </ClInclude>
    <ClInclude Include="src\Hive\Core.h">
      <Filter>Hive</Filter>
    </ClInclude>
    <ClInclude Include="src\Hive\EntryPoint.h">
      <Filter>Hive</Filter>
    </ClInclude>
    <ClInclude Include="src\Hive\Events\ApplicationEvent.h">
      <Filter>Hive\Events</Filter>
    </ClInclude>
    <ClInclude Include="src\Hive\Events\Event.h">
      <Filter>Hive\Events</Filter>
    </ClInclude>
    <ClInclude Include="src\Hive\Events\KeyEvent.h">
      <Filter>Hive\Events</Filter>
    </ClInclude>
    <ClInclude Include="src\Hive\Events\MouseEvent.h">
      <Filter>Hive\Events</Filter>
    </ClInclude>
    <ClInclude Include="src\Hive\Log.h">
      <Filter>Hive</Filter>
    </ClInclude>
    <ClInclude Include="src\Hive\Window.h">
      <Filter>Hive</Filter>
    </ClInclude>
    <ClInclude Include="src\HivePreCompiledHeader.h" />
    <ClInclude Include="src\Platform\Windows\WindowsWindow.h">
      <Filter>Platform\Windows</Filter>
    </ClInclude>
    <ClInclude Include="src\test.h" />
  </ItemGroup>
  <ItemGroup>
    <ClCompile Include="src\Hive\Application.cpp">
      <Filter>Hive</Filter>
    </ClCompile>
    <ClCompile Include="src\Hive\Log.cpp">
      <Filter>Hive</Filter>
    </ClCompile>
    <ClCompile Include="src\HivePreCompiledHeader.cpp" />
    <ClCompile Include="src\Platform\Windows\WindowsWindow.cpp">
      <Filter>Platform\Windows</Filter>
    </ClCompile>
    <ClCompile Include="src\test.cpp" />
  </ItemGroup>
</Project>